schema: '2.0'
stages:
  prepare:
    cmd: python src/prepare.py data/data.xml
    deps:
    - path: data/data.xml
      md5: 22a1a2931c8370d3aeedd7183606fd7f
      size: 14445097
    - path: src/prepare.py
      md5: f09ea0c15980b43010257ccb9f0055e2
      size: 1576
    params:
      params.yaml:
        prepare.seed: 20170428
        prepare.split: 0.2
    outs:
    - path: data/prepared
      md5: 153aad06d376b6595932470e459ef42a.dir
      size: 8437363
      nfiles: 2
  featurize:
    cmd: python src/featurization.py data/prepared data/features
    deps:
    - path: data/prepared
      md5: 153aad06d376b6595932470e459ef42a.dir
      size: 8437363
      nfiles: 2
    - path: src/featurization.py
      md5: e0265fc22f056a4b86d85c3056bc2894
      size: 2490
    params:
      params.yaml:
        featurize.max_features: 150
        featurize.ngrams: 2
    outs:
    - path: data/features/test.pkl
      md5: a07e0015a1e2b15daa831361dc2ac966
      size: 394509
    - path: data/features/train.pkl
      md5: 769cb220cc55735a52048e27e9fbbe35
      size: 1587473
  train:
    cmd: python src/train.py data/features model.pkl
    deps:
    - path: data/features
      md5: 8e55ff5b029606f774ccd57e1c4b3576.dir
      size: 1981982
      nfiles: 2
    - path: src/train.py
      md5: c3961d777cfbd7727f9fde4851896006
      size: 967
    params:
      params.yaml:
        train.min_split: 2
        train.n_est: 50
        train.seed: 20170428
    outs:
    - path: model.pkl
      md5: f244bb03c497edaca922fcdf66144f31
      size: 6820196
  evaluate:
    cmd: python src/evaluate.py model.pkl data/features
    deps:
    - path: data/features
      md5: 8e55ff5b029606f774ccd57e1c4b3576.dir
      size: 1981982
      nfiles: 2
    - path: model.pkl
      md5: f244bb03c497edaca922fcdf66144f31
      size: 6820196
    - path: src/evaluate.py
      md5: 759095a28408e6a0dfe6019ba24eb6d5
      size: 2659
    outs:
    - path: evaluation/metrics.json
      md5: 40c1dfb4727fdf63190ee955519acd64
      size: 73
    - path: evaluation/plots/importance.png
      md5: b8441c8adee278f3aafc4a7fed244bbc
      size: 31810
    - path: evaluation/plots/metrics
      md5: 29a089c2ecdd7bd65184c06fce0c5484.dir
      size: 69
      nfiles: 2
    - path: evaluation/plots/prc.json
      md5: ad6de3f1ed233469dfc7756712a3dfd8
      size: 25075
    - path: evaluation/plots/sklearn/confusion_matrix.json
      md5: f9bdab6ec8bcd026b9b08c43174e50b7
      size: 122246
    - path: evaluation/plots/sklearn/roc.json
      md5: 8ac07b8f535d3acaf89e62668bb878ee
      size: 13691
